
Microsoft Visual Studio Solution File, Format Version 12.00
# Visual Studio 15
VisualStudioVersion = 15.0.27130.2036
MinimumVisualStudioVersion = 10.0.40219.1
Project("{FAE04EC0-301F-11D3-BF4B-00C04F79EFBC}") = "MonBand.Core", "src\MonBand.Core\MonBand.Core.csproj", "{8FF9FB1A-6167-4EB3-B3BB-4D0D3AA4EEED}"
EndProject
Global
	GlobalSection(SolutionConfigurationPlatforms) = preSolution
		Debug|Any CPU = Debug|Any CPU
		Release|Any CPU = Release|Any CPU
	EndGlobalSection
	GlobalSection(ProjectConfigurationPlatforms) = postSolution
		{8FF9FB1A-6167-4EB3-B3BB-4D0D3AA4EEED}.Debug|Any CPU.ActiveCfg = Debug|Any CPU
		{8FF9FB1A-6167-4EB3-B3BB-4D0D3AA4EEED}.Debug|Any CPU.Build.0 = Debug|Any CPU
		{8FF9FB1A-6167-4EB3-B3BB-4D0D3AA4EEED}.Release|Any CPU.ActiveCfg = Release|Any CPU
		{8FF9FB1A-6167-4EB3-B3BB-4D0D3AA4EEED}.Release|Any CPU.Build.0 = Release|Any CPU
	EndGlobalSection
	GlobalSection(SolutionProperties) = preSolution
		HideSolutionNode = FALSE
	EndGlobalSection
	GlobalSection(ExtensibilityGlobals) = postSolution
		SolutionGuid = {780E58D9-76CD-4342-8462-234C26629EDC}
	EndGlobalSection
EndGlobal
