
Microsoft Visual Studio Solution File, Format Version 12.00
# Visual Studio Version 16
VisualStudioVersion = 16.0.29519.181
MinimumVisualStudioVersion = 10.0.40219.1
Project("{9A19103F-16F7-4668-BE54-9A1E7A4F7556}") = "MonBand.Core", "src\MonBand.Core\MonBand.Core.csproj", "{8FF9FB1A-6167-4EB3-B3BB-4D0D3AA4EEED}"
EndProject
Project("{2150E333-8FDC-42A3-9474-1A3956D46DE8}") = "Solution Items", "Solution Items", "{344D1C07-EB16-4433-B97C-8FA793945B72}"
	ProjectSection(SolutionItems) = preProject
		.editorconfig = .editorconfig
	EndProjectSection
EndProject
Project("{9A19103F-16F7-4668-BE54-9A1E7A4F7556}") = "MonBand.Tests", "src\MonBand.Tests\MonBand.Tests.csproj", "{ED6D7B8F-6973-4AF0-BD0D-9F571A49CB94}"
EndProject
Project("{FAE04EC0-301F-11D3-BF4B-00C04F79EFBC}") = "MonBand.Windows", "src\MonBand.Windows\MonBand.Windows.csproj", "{456E4154-5CDE-4E4F-BD98-BB85900E4EB3}"
EndProject
Project("{FAE04EC0-301F-11D3-BF4B-00C04F79EFBC}") = "MonBand.Windows.ComHost", "src\MonBand.Windows.ComHost\MonBand.Windows.ComHost.csproj", "{C1753409-0AB9-47DA-80F9-9778E7779601}"
EndProject
Global
	GlobalSection(SolutionConfigurationPlatforms) = preSolution
		Debug|Any CPU = Debug|Any CPU
		Release|Any CPU = Release|Any CPU
	EndGlobalSection
	GlobalSection(ProjectConfigurationPlatforms) = postSolution
		{8FF9FB1A-6167-4EB3-B3BB-4D0D3AA4EEED}.Debug|Any CPU.ActiveCfg = Debug|Any CPU
		{8FF9FB1A-6167-4EB3-B3BB-4D0D3AA4EEED}.Debug|Any CPU.Build.0 = Debug|Any CPU
		{8FF9FB1A-6167-4EB3-B3BB-4D0D3AA4EEED}.Release|Any CPU.ActiveCfg = Release|Any CPU
		{8FF9FB1A-6167-4EB3-B3BB-4D0D3AA4EEED}.Release|Any CPU.Build.0 = Release|Any CPU
		{ED6D7B8F-6973-4AF0-BD0D-9F571A49CB94}.Debug|Any CPU.ActiveCfg = Debug|Any CPU
		{ED6D7B8F-6973-4AF0-BD0D-9F571A49CB94}.Debug|Any CPU.Build.0 = Debug|Any CPU
		{ED6D7B8F-6973-4AF0-BD0D-9F571A49CB94}.Release|Any CPU.ActiveCfg = Release|Any CPU
		{ED6D7B8F-6973-4AF0-BD0D-9F571A49CB94}.Release|Any CPU.Build.0 = Release|Any CPU
		{456E4154-5CDE-4E4F-BD98-BB85900E4EB3}.Debug|Any CPU.ActiveCfg = Debug|Any CPU
		{456E4154-5CDE-4E4F-BD98-BB85900E4EB3}.Debug|Any CPU.Build.0 = Debug|Any CPU
		{456E4154-5CDE-4E4F-BD98-BB85900E4EB3}.Release|Any CPU.ActiveCfg = Release|Any CPU
		{456E4154-5CDE-4E4F-BD98-BB85900E4EB3}.Release|Any CPU.Build.0 = Release|Any CPU
		{C1753409-0AB9-47DA-80F9-9778E7779601}.Debug|Any CPU.ActiveCfg = Debug|Any CPU
		{C1753409-0AB9-47DA-80F9-9778E7779601}.Debug|Any CPU.Build.0 = Debug|Any CPU
		{C1753409-0AB9-47DA-80F9-9778E7779601}.Release|Any CPU.ActiveCfg = Release|Any CPU
		{C1753409-0AB9-47DA-80F9-9778E7779601}.Release|Any CPU.Build.0 = Release|Any CPU
	EndGlobalSection
	GlobalSection(SolutionProperties) = preSolution
		HideSolutionNode = FALSE
	EndGlobalSection
	GlobalSection(ExtensibilityGlobals) = postSolution
		SolutionGuid = {780E58D9-76CD-4342-8462-234C26629EDC}
	EndGlobalSection
EndGlobal
